// !$*UTF8*$!
{
	archiveVersion = 1;
	classes = {
	};
	objectVersion = 50;
	objects = {

/* Begin PBXBuildFile section */
		A5676FB925A192DF00986229 /* Work_CycleApp.swift in Sources */ = {isa = PBXBuildFile; fileRef = A5676FB825A192DF00986229 /* Work_CycleApp.swift */; };
		A5676FBB25A192DF00986229 /* ContentView.swift in Sources */ = {isa = PBXBuildFile; fileRef = A5676FBA25A192DF00986229 /* ContentView.swift */; };
		A5676FBD25A192E100986229 /* Assets.xcassets in Resources */ = {isa = PBXBuildFile; fileRef = A5676FBC25A192E100986229 /* Assets.xcassets */; };
		A5676FC025A192E100986229 /* Preview Assets.xcassets in Resources */ = {isa = PBXBuildFile; fileRef = A5676FBF25A192E100986229 /* Preview Assets.xcassets */; };
		A5676FCB25A192E100986229 /* Work_CycleTests.swift in Sources */ = {isa = PBXBuildFile; fileRef = A5676FCA25A192E100986229 /* Work_CycleTests.swift */; };
		A5676FD625A192E100986229 /* Work_CycleUITests.swift in Sources */ = {isa = PBXBuildFile; fileRef = A5676FD525A192E100986229 /* Work_CycleUITests.swift */; };
/* End PBXBuildFile section */

/* Begin PBXContainerItemProxy section */
		A5676FC725A192E100986229 /* PBXContainerItemProxy */ = {
			isa = PBXContainerItemProxy;
			containerPortal = A5676FAD25A192DF00986229 /* Project object */;
			proxyType = 1;
			remoteGlobalIDString = A5676FB425A192DF00986229;
			remoteInfo = "Work Cycle";
		};
		A5676FD225A192E100986229 /* PBXContainerItemProxy */ = {
			isa = PBXContainerItemProxy;
			containerPortal = A5676FAD25A192DF00986229 /* Project object */;
			proxyType = 1;
			remoteGlobalIDString = A5676FB425A192DF00986229;
			remoteInfo = "Work Cycle";
		};
/* End PBXContainerItemProxy section */

/* Begin PBXFileReference section */
		A5676FB525A192DF00986229 /* Work Cycle.app */ = {isa = PBXFileReference; explicitFileType = wrapper.application; includeInIndex = 0; path = "Work Cycle.app"; sourceTree = BUILT_PRODUCTS_DIR; };
		A5676FB825A192DF00986229 /* Work_CycleApp.swift */ = {isa = PBXFileReference; lastKnownFileType = sourcecode.swift; path = Work_CycleApp.swift; sourceTree = "<group>"; };
		A5676FBA25A192DF00986229 /* ContentView.swift */ = {isa = PBXFileReference; lastKnownFileType = sourcecode.swift; path = ContentView.swift; sourceTree = "<group>"; };
		A5676FBC25A192E100986229 /* Assets.xcassets */ = {isa = PBXFileReference; lastKnownFileType = folder.assetcatalog; path = Assets.xcassets; sourceTree = "<group>"; };
		A5676FBF25A192E100986229 /* Preview Assets.xcassets */ = {isa = PBXFileReference; lastKnownFileType = folder.assetcatalog; path = "Preview Assets.xcassets"; sourceTree = "<group>"; };
		A5676FC125A192E100986229 /* Info.plist */ = {isa = PBXFileReference; lastKnownFileType = text.plist.xml; path = Info.plist; sourceTree = "<group>"; };
		A5676FC625A192E100986229 /* Work CycleTests.xctest */ = {isa = PBXFileReference; explicitFileType = wrapper.cfbundle; includeInIndex = 0; path = "Work CycleTests.xctest"; sourceTree = BUILT_PRODUCTS_DIR; };
		A5676FCA25A192E100986229 /* Work_CycleTests.swift */ = {isa = PBXFileReference; lastKnownFileType = sourcecode.swift; path = Work_CycleTests.swift; sourceTree = "<group>"; };
		A5676FCC25A192E100986229 /* Info.plist */ = {isa = PBXFileReference; lastKnownFileType = text.plist.xml; path = Info.plist; sourceTree = "<group>"; };
		A5676FD125A192E100986229 /* Work CycleUITests.xctest */ = {isa = PBXFileReference; explicitFileType = wrapper.cfbundle; includeInIndex = 0; path = "Work CycleUITests.xctest"; sourceTree = BUILT_PRODUCTS_DIR; };
		A5676FD525A192E100986229 /* Work_CycleUITests.swift */ = {isa = PBXFileReference; lastKnownFileType = sourcecode.swift; path = Work_CycleUITests.swift; sourceTree = "<group>"; };
		A5676FD725A192E100986229 /* Info.plist */ = {isa = PBXFileReference; lastKnownFileType = text.plist.xml; path = Info.plist; sourceTree = "<group>"; };
/* End PBXFileReference section */

/* Begin PBXFrameworksBuildPhase section */
		A5676FB225A192DF00986229 /* Frameworks */ = {
			isa = PBXFrameworksBuildPhase;
			buildActionMask = 2147483647;
			files = (
			);
			runOnlyForDeploymentPostprocessing = 0;
		};
		A5676FC325A192E100986229 /* Frameworks */ = {
			isa = PBXFrameworksBuildPhase;
			buildActionMask = 2147483647;
			files = (
			);
			runOnlyForDeploymentPostprocessing = 0;
		};
		A5676FCE25A192E100986229 /* Frameworks */ = {
			isa = PBXFrameworksBuildPhase;
			buildActionMask = 2147483647;
			files = (
			);
			runOnlyForDeploymentPostprocessing = 0;
		};
/* End PBXFrameworksBuildPhase section */

/* Begin PBXGroup section */
		A5676FAC25A192DF00986229 = {
			isa = PBXGroup;
			children = (
				A5676FB725A192DF00986229 /* Work Cycle */,
				A5676FC925A192E100986229 /* Work CycleTests */,
				A5676FD425A192E100986229 /* Work CycleUITests */,
				A5676FB625A192DF00986229 /* Products */,
			);
			sourceTree = "<group>";
		};
		A5676FB625A192DF00986229 /* Products */ = {
			isa = PBXGroup;
			children = (
				A5676FB525A192DF00986229 /* Work Cycle.app */,
				A5676FC625A192E100986229 /* Work CycleTests.xctest */,
				A5676FD125A192E100986229 /* Work CycleUITests.xctest */,
			);
			name = Products;
			sourceTree = "<group>";
		};
		A5676FB725A192DF00986229 /* Work Cycle */ = {
			isa = PBXGroup;
			children = (
				A5676FB825A192DF00986229 /* Work_CycleApp.swift */,
				A5676FBA25A192DF00986229 /* ContentView.swift */,
				A5676FBC25A192E100986229 /* Assets.xcassets */,
				A5676FC125A192E100986229 /* Info.plist */,
				A5676FBE25A192E100986229 /* Preview Content */,
			);
			path = "Work Cycle";
			sourceTree = "<group>";
		};
		A5676FBE25A192E100986229 /* Preview Content */ = {
			isa = PBXGroup;
			children = (
				A5676FBF25A192E100986229 /* Preview Assets.xcassets */,
			);
			path = "Preview Content";
			sourceTree = "<group>";
		};
		A5676FC925A192E100986229 /* Work CycleTests */ = {
			isa = PBXGroup;
			children = (
				A5676FCA25A192E100986229 /* Work_CycleTests.swift */,
				A5676FCC25A192E100986229 /* Info.plist */,
			);
			path = "Work CycleTests";
			sourceTree = "<group>";
		};
		A5676FD425A192E100986229 /* Work CycleUITests */ = {
			isa = PBXGroup;
			children = (
				A5676FD525A192E100986229 /* Work_CycleUITests.swift */,
				A5676FD725A192E100986229 /* Info.plist */,
			);
			path = "Work CycleUITests";
			sourceTree = "<group>";
		};
/* End PBXGroup section */

/* Begin PBXNativeTarget section */
		A5676FB425A192DF00986229 /* Work Cycle */ = {
			isa = PBXNativeTarget;
			buildConfigurationList = A5676FDA25A192E100986229 /* Build configuration list for PBXNativeTarget "Work Cycle" */;
			buildPhases = (
				A5676FB125A192DF00986229 /* Sources */,
				A5676FB225A192DF00986229 /* Frameworks */,
				A5676FB325A192DF00986229 /* Resources */,
			);
			buildRules = (
			);
			dependencies = (
			);
			name = "Work Cycle";
			productName = "Work Cycle";
			productReference = A5676FB525A192DF00986229 /* Work Cycle.app */;
			productType = "com.apple.product-type.application";
		};
		A5676FC525A192E100986229 /* Work CycleTests */ = {
			isa = PBXNativeTarget;
			buildConfigurationList = A5676FDD25A192E100986229 /* Build configuration list for PBXNativeTarget "Work CycleTests" */;
			buildPhases = (
				A5676FC225A192E100986229 /* Sources */,
				A5676FC325A192E100986229 /* Frameworks */,
				A5676FC425A192E100986229 /* Resources */,
			);
			buildRules = (
			);
			dependencies = (
				A5676FC825A192E100986229 /* PBXTargetDependency */,
			);
			name = "Work CycleTests";
			productName = "Work CycleTests";
			productReference = A5676FC625A192E100986229 /* Work CycleTests.xctest */;
			productType = "com.apple.product-type.bundle.unit-test";
		};
		A5676FD025A192E100986229 /* Work CycleUITests */ = {
			isa = PBXNativeTarget;
			buildConfigurationList = A5676FE025A192E100986229 /* Build configuration list for PBXNativeTarget "Work CycleUITests" */;
			buildPhases = (
				A5676FCD25A192E100986229 /* Sources */,
				A5676FCE25A192E100986229 /* Frameworks */,
				A5676FCF25A192E100986229 /* Resources */,
			);
			buildRules = (
			);
			dependencies = (
				A5676FD325A192E100986229 /* PBXTargetDependency */,
			);
			name = "Work CycleUITests";
			productName = "Work CycleUITests";
			productReference = A5676FD125A192E100986229 /* Work CycleUITests.xctest */;
			productType = "com.apple.product-type.bundle.ui-testing";
		};
/* End PBXNativeTarget section */

/* Begin PBXProject section */
		A5676FAD25A192DF00986229 /* Project object */ = {
			isa = PBXProject;
			attributes = {
				LastSwiftUpdateCheck = 1230;
				LastUpgradeCheck = 1230;
				TargetAttributes = {
					A5676FB425A192DF00986229 = {
						CreatedOnToolsVersion = 12.3;
					};
					A5676FC525A192E100986229 = {
						CreatedOnToolsVersion = 12.3;
						TestTargetID = A5676FB425A192DF00986229;
					};
					A5676FD025A192E100986229 = {
						CreatedOnToolsVersion = 12.3;
						TestTargetID = A5676FB425A192DF00986229;
					};
				};
			};
			buildConfigurationList = A5676FB025A192DF00986229 /* Build configuration list for PBXProject "Work Cycle" */;
			compatibilityVersion = "Xcode 9.3";
			developmentRegion = en;
			hasScannedForEncodings = 0;
			knownRegions = (
				en,
				Base,
			);
			mainGroup = A5676FAC25A192DF00986229;
			productRefGroup = A5676FB625A192DF00986229 /* Products */;
			projectDirPath = "";
			projectRoot = "";
			targets = (
				A5676FB425A192DF00986229 /* Work Cycle */,
				A5676FC525A192E100986229 /* Work CycleTests */,
				A5676FD025A192E100986229 /* Work CycleUITests */,
			);
		};
/* End PBXProject section */

/* Begin PBXResourcesBuildPhase section */
		A5676FB325A192DF00986229 /* Resources */ = {
			isa = PBXResourcesBuildPhase;
			buildActionMask = 2147483647;
			files = (
				A5676FC025A192E100986229 /* Preview Assets.xcassets in Resources */,
				A5676FBD25A192E100986229 /* Assets.xcassets in Resources */,
			);
			runOnlyForDeploymentPostprocessing = 0;
		};
		A5676FC425A192E100986229 /* Resources */ = {
			isa = PBXResourcesBuildPhase;
			buildActionMask = 2147483647;
			files = (
			);
			runOnlyForDeploymentPostprocessing = 0;
		};
		A5676FCF25A192E100986229 /* Resources */ = {
			isa = PBXResourcesBuildPhase;
			buildActionMask = 2147483647;
			files = (
			);
			runOnlyForDeploymentPostprocessing = 0;
		};
/* End PBXResourcesBuildPhase section */

/* Begin PBXSourcesBuildPhase section */
		A5676FB125A192DF00986229 /* Sources */ = {
			isa = PBXSourcesBuildPhase;
			buildActionMask = 2147483647;
			files = (
				A5676FBB25A192DF00986229 /* ContentView.swift in Sources */,
				A5676FB925A192DF00986229 /* Work_CycleApp.swift in Sources */,
			);
			runOnlyForDeploymentPostprocessing = 0;
		};
		A5676FC225A192E100986229 /* Sources */ = {
			isa = PBXSourcesBuildPhase;
			buildActionMask = 2147483647;
			files = (
				A5676FCB25A192E100986229 /* Work_CycleTests.swift in Sources */,
			);
			runOnlyForDeploymentPostprocessing = 0;
		};
		A5676FCD25A192E100986229 /* Sources */ = {
			isa = PBXSourcesBuildPhase;
			buildActionMask = 2147483647;
			files = (
				A5676FD625A192E100986229 /* Work_CycleUITests.swift in Sources */,
			);
			runOnlyForDeploymentPostprocessing = 0;
		};
/* End PBXSourcesBuildPhase section */

/* Begin PBXTargetDependency section */
		A5676FC825A192E100986229 /* PBXTargetDependency */ = {
			isa = PBXTargetDependency;
			target = A5676FB425A192DF00986229 /* Work Cycle */;
			targetProxy = A5676FC725A192E100986229 /* PBXContainerItemProxy */;
		};
		A5676FD325A192E100986229 /* PBXTargetDependency */ = {
			isa = PBXTargetDependency;
			target = A5676FB425A192DF00986229 /* Work Cycle */;
			targetProxy = A5676FD225A192E100986229 /* PBXContainerItemProxy */;
		};
/* End PBXTargetDependency section */

/* Begin XCBuildConfiguration section */
		A5676FD825A192E100986229 /* Debug */ = {
			isa = XCBuildConfiguration;
			buildSettings = {
				ALWAYS_SEARCH_USER_PATHS = NO;
				CLANG_ANALYZER_NONNULL = YES;
				CLANG_ANALYZER_NUMBER_OBJECT_CONVERSION = YES_AGGRESSIVE;
				CLANG_CXX_LANGUAGE_STANDARD = "gnu++14";
				CLANG_CXX_LIBRARY = "libc++";
				CLANG_ENABLE_MODULES = YES;
				CLANG_ENABLE_OBJC_ARC = YES;
				CLANG_ENABLE_OBJC_WEAK = YES;
				CLANG_WARN_BLOCK_CAPTURE_AUTORELEASING = YES;
				CLANG_WARN_BOOL_CONVERSION = YES;
				CLANG_WARN_COMMA = YES;
				CLANG_WARN_CONSTANT_CONVERSION = YES;
				CLANG_WARN_DEPRECATED_OBJC_IMPLEMENTATIONS = YES;
				CLANG_WARN_DIRECT_OBJC_ISA_USAGE = YES_ERROR;
				CLANG_WARN_DOCUMENTATION_COMMENTS = YES;
				CLANG_WARN_EMPTY_BODY = YES;
				CLANG_WARN_ENUM_CONVERSION = YES;
				CLANG_WARN_INFINITE_RECURSION = YES;
				CLANG_WARN_INT_CONVERSION = YES;
				CLANG_WARN_NON_LITERAL_NULL_CONVERSION = YES;
				CLANG_WARN_OBJC_IMPLICIT_RETAIN_SELF = YES;
				CLANG_WARN_OBJC_LITERAL_CONVERSION = YES;
				CLANG_WARN_OBJC_ROOT_CLASS = YES_ERROR;
				CLANG_WARN_QUOTED_INCLUDE_IN_FRAMEWORK_HEADER = YES;
				CLANG_WARN_RANGE_LOOP_ANALYSIS = YES;
				CLANG_WARN_STRICT_PROTOTYPES = YES;
				CLANG_WARN_SUSPICIOUS_MOVE = YES;
				CLANG_WARN_UNGUARDED_AVAILABILITY = YES_AGGRESSIVE;
				CLANG_WARN_UNREACHABLE_CODE = YES;
				CLANG_WARN__DUPLICATE_METHOD_MATCH = YES;
				COPY_PHASE_STRIP = NO;
				DEBUG_INFORMATION_FORMAT = dwarf;
				ENABLE_STRICT_OBJC_MSGSEND = YES;
				ENABLE_TESTABILITY = YES;
				GCC_C_LANGUAGE_STANDARD = gnu11;
				GCC_DYNAMIC_NO_PIC = NO;
				GCC_NO_COMMON_BLOCKS = YES;
				GCC_OPTIMIZATION_LEVEL = 0;
				GCC_PREPROCESSOR_DEFINITIONS = (
					"DEBUG=1",
					"$(inherited)",
				);
				GCC_WARN_64_TO_32_BIT_CONVERSION = YES;
				GCC_WARN_ABOUT_RETURN_TYPE = YES_ERROR;
				GCC_WARN_UNDECLARED_SELECTOR = YES;
				GCC_WARN_UNINITIALIZED_AUTOS = YES_AGGRESSIVE;
				GCC_WARN_UNUSED_FUNCTION = YES;
				GCC_WARN_UNUSED_VARIABLE = YES;
				IPHONEOS_DEPLOYMENT_TARGET = 14.3;
				MTL_ENABLE_DEBUG_INFO = INCLUDE_SOURCE;
				MTL_FAST_MATH = YES;
				ONLY_ACTIVE_ARCH = YES;
				SDKROOT = iphoneos;
				SWIFT_ACTIVE_COMPILATION_CONDITIONS = DEBUG;
				SWIFT_OPTIMIZATION_LEVEL = "-Onone";
			};
			name = Debug;
		};
		A5676FD925A192E100986229 /* Release */ = {
			isa = XCBuildConfiguration;
			buildSettings = {
				ALWAYS_SEARCH_USER_PATHS = NO;
				CLANG_ANALYZER_NONNULL = YES;
				CLANG_ANALYZER_NUMBER_OBJECT_CONVERSION = YES_AGGRESSIVE;
				CLANG_CXX_LANGUAGE_STANDARD = "gnu++14";
				CLANG_CXX_LIBRARY = "libc++";
				CLANG_ENABLE_MODULES = YES;
				CLANG_ENABLE_OBJC_ARC = YES;
				CLANG_ENABLE_OBJC_WEAK = YES;
				CLANG_WARN_BLOCK_CAPTURE_AUTORELEASING = YES;
				CLANG_WARN_BOOL_CONVERSION = YES;
				CLANG_WARN_COMMA = YES;
				CLANG_WARN_CONSTANT_CONVERSION = YES;
				CLANG_WARN_DEPRECATED_OBJC_IMPLEMENTATIONS = YES;
				CLANG_WARN_DIRECT_OBJC_ISA_USAGE = YES_ERROR;
				CLANG_WARN_DOCUMENTATION_COMMENTS = YES;
				CLANG_WARN_EMPTY_BODY = YES;
				CLANG_WARN_ENUM_CONVERSION = YES;
				CLANG_WARN_INFINITE_RECURSION = YES;
				CLANG_WARN_INT_CONVERSION = YES;
				CLANG_WARN_NON_LITERAL_NULL_CONVERSION = YES;
				CLANG_WARN_OBJC_IMPLICIT_RETAIN_SELF = YES;
				CLANG_WARN_OBJC_LITERAL_CONVERSION = YES;
				CLANG_WARN_OBJC_ROOT_CLASS = YES_ERROR;
				CLANG_WARN_QUOTED_INCLUDE_IN_FRAMEWORK_HEADER = YES;
				CLANG_WARN_RANGE_LOOP_ANALYSIS = YES;
				CLANG_WARN_STRICT_PROTOTYPES = YES;
				CLANG_WARN_SUSPICIOUS_MOVE = YES;
				CLANG_WARN_UNGUARDED_AVAILABILITY = YES_AGGRESSIVE;
				CLANG_WARN_UNREACHABLE_CODE = YES;
				CLANG_WARN__DUPLICATE_METHOD_MATCH = YES;
				COPY_PHASE_STRIP = NO;
				DEBUG_INFORMATION_FORMAT = "dwarf-with-dsym";
				ENABLE_NS_ASSERTIONS = NO;
				ENABLE_STRICT_OBJC_MSGSEND = YES;
				GCC_C_LANGUAGE_STANDARD = gnu11;
				GCC_NO_COMMON_BLOCKS = YES;
				GCC_WARN_64_TO_32_BIT_CONVERSION = YES;
				GCC_WARN_ABOUT_RETURN_TYPE = YES_ERROR;
				GCC_WARN_UNDECLARED_SELECTOR = YES;
				GCC_WARN_UNINITIALIZED_AUTOS = YES_AGGRESSIVE;
				GCC_WARN_UNUSED_FUNCTION = YES;
				GCC_WARN_UNUSED_VARIABLE = YES;
				IPHONEOS_DEPLOYMENT_TARGET = 14.3;
				MTL_ENABLE_DEBUG_INFO = NO;
				MTL_FAST_MATH = YES;
				SDKROOT = iphoneos;
				SWIFT_COMPILATION_MODE = wholemodule;
				SWIFT_OPTIMIZATION_LEVEL = "-O";
				VALIDATE_PRODUCT = YES;
			};
			name = Release;
		};
		A5676FDB25A192E100986229 /* Debug */ = {
			isa = XCBuildConfiguration;
			buildSettings = {
				ASSETCATALOG_COMPILER_APPICON_NAME = AppIcon;
				ASSETCATALOG_COMPILER_GLOBAL_ACCENT_COLOR_NAME = AccentColor;
				CODE_SIGN_STYLE = Automatic;
				DEVELOPMENT_ASSET_PATHS = "\"Work Cycle/Preview Content\"";
				ENABLE_PREVIEWS = YES;
				INFOPLIST_FILE = "Work Cycle/Info.plist";
				IPHONEOS_DEPLOYMENT_TARGET = 14.0;
				LD_RUNPATH_SEARCH_PATHS = (
					"$(inherited)",
					"@executable_path/Frameworks",
				);
				PRODUCT_BUNDLE_IDENTIFIER = "io.github.amanshuraikwar.Work-Cycle";
				PRODUCT_NAME = "$(TARGET_NAME)";
				SWIFT_VERSION = 5.0;
				TARGETED_DEVICE_FAMILY = "1,2";
			};
			name = Debug;
		};
		A5676FDC25A192E100986229 /* Release */ = {
			isa = XCBuildConfiguration;
			buildSettings = {
				ASSETCATALOG_COMPILER_APPICON_NAME = AppIcon;
				ASSETCATALOG_COMPILER_GLOBAL_ACCENT_COLOR_NAME = AccentColor;
				CODE_SIGN_STYLE = Automatic;
				DEVELOPMENT_ASSET_PATHS = "\"Work Cycle/Preview Content\"";
				ENABLE_PREVIEWS = YES;
				INFOPLIST_FILE = "Work Cycle/Info.plist";
				IPHONEOS_DEPLOYMENT_TARGET = 14.0;
				LD_RUNPATH_SEARCH_PATHS = (
					"$(inherited)",
					"@executable_path/Frameworks",
				);
				PRODUCT_BUNDLE_IDENTIFIER = "io.github.amanshuraikwar.Work-Cycle";
				PRODUCT_NAME = "$(TARGET_NAME)";
				SWIFT_VERSION = 5.0;
				TARGETED_DEVICE_FAMILY = "1,2";
			};
			name = Release;
		};
		A5676FDE25A192E100986229 /* Debug */ = {
			isa = XCBuildConfiguration;
			buildSettings = {
				ALWAYS_EMBED_SWIFT_STANDARD_LIBRARIES = YES;
				BUNDLE_LOADER = "$(TEST_HOST)";
				CODE_SIGN_STYLE = Automatic;
				INFOPLIST_FILE = "Work CycleTests/Info.plist";
				IPHONEOS_DEPLOYMENT_TARGET = 14.0;
				LD_RUNPATH_SEARCH_PATHS = (
					"$(inherited)",
					"@executable_path/Frameworks",
					"@loader_path/Frameworks",
				);
				PRODUCT_BUNDLE_IDENTIFIER = "io.github.amanshuraikwar.Work-CycleTests";
				PRODUCT_NAME = "$(TARGET_NAME)";
				SWIFT_VERSION = 5.0;
				TARGETED_DEVICE_FAMILY = "1,2";
				TEST_HOST = "$(BUILT_PRODUCTS_DIR)/Work Cycle.app/Work Cycle";
			};
			name = Debug;
		};
		A5676FDF25A192E100986229 /* Release */ = {
			isa = XCBuildConfiguration;
			buildSettings = {
				ALWAYS_EMBED_SWIFT_STANDARD_LIBRARIES = YES;
				BUNDLE_LOADER = "$(TEST_HOST)";
				CODE_SIGN_STYLE = Automatic;
				INFOPLIST_FILE = "Work CycleTests/Info.plist";
				IPHONEOS_DEPLOYMENT_TARGET = 14.0;
				LD_RUNPATH_SEARCH_PATHS = (
					"$(inherited)",
					"@executable_path/Frameworks",
					"@loader_path/Frameworks",
				);
				PRODUCT_BUNDLE_IDENTIFIER = "io.github.amanshuraikwar.Work-CycleTests";
				PRODUCT_NAME = "$(TARGET_NAME)";
				SWIFT_VERSION = 5.0;
				TARGETED_DEVICE_FAMILY = "1,2";
				TEST_HOST = "$(BUILT_PRODUCTS_DIR)/Work Cycle.app/Work Cycle";
			};
			name = Release;
		};
		A5676FE125A192E100986229 /* Debug */ = {
			isa = XCBuildConfiguration;
			buildSettings = {
				ALWAYS_EMBED_SWIFT_STANDARD_LIBRARIES = YES;
				CODE_SIGN_STYLE = Automatic;
				INFOPLIST_FILE = "Work CycleUITests/Info.plist";
				LD_RUNPATH_SEARCH_PATHS = (
					"$(inherited)",
					"@executable_path/Frameworks",
					"@loader_path/Frameworks",
				);
				PRODUCT_BUNDLE_IDENTIFIER = "io.github.amanshuraikwar.Work-CycleUITests";
				PRODUCT_NAME = "$(TARGET_NAME)";
				SWIFT_VERSION = 5.0;
				TARGETED_DEVICE_FAMILY = "1,2";
				TEST_TARGET_NAME = "Work Cycle";
			};
			name = Debug;
		};
		A5676FE225A192E100986229 /* Release */ = {
			isa = XCBuildConfiguration;
			buildSettings = {
				ALWAYS_EMBED_SWIFT_STANDARD_LIBRARIES = YES;
				CODE_SIGN_STYLE = Automatic;
				INFOPLIST_FILE = "Work CycleUITests/Info.plist";
				LD_RUNPATH_SEARCH_PATHS = (
					"$(inherited)",
					"@executable_path/Frameworks",
					"@loader_path/Frameworks",
				);
				PRODUCT_BUNDLE_IDENTIFIER = "io.github.amanshuraikwar.Work-CycleUITests";
				PRODUCT_NAME = "$(TARGET_NAME)";
				SWIFT_VERSION = 5.0;
				TARGETED_DEVICE_FAMILY = "1,2";
				TEST_TARGET_NAME = "Work Cycle";
			};
			name = Release;
		};
/* End XCBuildConfiguration section */

/* Begin XCConfigurationList section */
		A5676FB025A192DF00986229 /* Build configuration list for PBXProject "Work Cycle" */ = {
			isa = XCConfigurationList;
			buildConfigurations = (
				A5676FD825A192E100986229 /* Debug */,
				A5676FD925A192E100986229 /* Release */,
			);
			defaultConfigurationIsVisible = 0;
			defaultConfigurationName = Release;
		};
		A5676FDA25A192E100986229 /* Build configuration list for PBXNativeTarget "Work Cycle" */ = {
			isa = XCConfigurationList;
			buildConfigurations = (
				A5676FDB25A192E100986229 /* Debug */,
				A5676FDC25A192E100986229 /* Release */,
			);
			defaultConfigurationIsVisible = 0;
			defaultConfigurationName = Release;
		};
		A5676FDD25A192E100986229 /* Build configuration list for PBXNativeTarget "Work CycleTests" */ = {
			isa = XCConfigurationList;
			buildConfigurations = (
				A5676FDE25A192E100986229 /* Debug */,
				A5676FDF25A192E100986229 /* Release */,
			);
			defaultConfigurationIsVisible = 0;
			defaultConfigurationName = Release;
		};
		A5676FE025A192E100986229 /* Build configuration list for PBXNativeTarget "Work CycleUITests" */ = {
			isa = XCConfigurationList;
			buildConfigurations = (
				A5676FE125A192E100986229 /* Debug */,
				A5676FE225A192E100986229 /* Release */,
			);
			defaultConfigurationIsVisible = 0;
			defaultConfigurationName = Release;
		};
/* End XCConfigurationList section */
	};
	rootObject = A5676FAD25A192DF00986229 /* Project object */;
}
